
Microsoft Visual Studio Solution File, Format Version 12.00
# Visual Studio 15
VisualStudioVersion = 15.0.28307.106
MinimumVisualStudioVersion = 10.0.40219.1
Project("{2150E333-8FDC-42A3-9474-1A3956D46DE8}") = "String", "String", "{C4C98364-9BC9-4EE0-AC54-1DE829719122}"
EndProject
Project("{FAE04EC0-301F-11D3-BF4B-00C04F79EFBC}") = "Algorithms.CountRepeatedWordInText", "Algorithms.CountRepeatedWordInText\Algorithms.CountRepeatedWordInText.csproj", "{6F05016C-0556-4D38-A3F6-112522B01CA4}"
EndProject
Global
	GlobalSection(SolutionConfigurationPlatforms) = preSolution
		Debug|Any CPU = Debug|Any CPU
		Release|Any CPU = Release|Any CPU
	EndGlobalSection
	GlobalSection(ProjectConfigurationPlatforms) = postSolution
		{6F05016C-0556-4D38-A3F6-112522B01CA4}.Debug|Any CPU.ActiveCfg = Debug|Any CPU
		{6F05016C-0556-4D38-A3F6-112522B01CA4}.Debug|Any CPU.Build.0 = Debug|Any CPU
		{6F05016C-0556-4D38-A3F6-112522B01CA4}.Release|Any CPU.ActiveCfg = Release|Any CPU
		{6F05016C-0556-4D38-A3F6-112522B01CA4}.Release|Any CPU.Build.0 = Release|Any CPU
	EndGlobalSection
	GlobalSection(SolutionProperties) = preSolution
		HideSolutionNode = FALSE
	EndGlobalSection
	GlobalSection(NestedProjects) = preSolution
		{6F05016C-0556-4D38-A3F6-112522B01CA4} = {C4C98364-9BC9-4EE0-AC54-1DE829719122}
	EndGlobalSection
	GlobalSection(ExtensibilityGlobals) = postSolution
		SolutionGuid = {90460100-16C1-409F-85CC-2E56AC4126F4}
	EndGlobalSection
EndGlobal
